
Microsoft Visual Studio Solution File, Format Version 12.00
# Visual Studio Version 16
VisualStudioVersion = 16.0.30011.22
MinimumVisualStudioVersion = 10.0.40219.1
Project("{FAE04EC0-301F-11D3-BF4B-00C04F79EFBC}") = "products-katalog", "products-katalog\products-katalog.csproj", "{26912DF2-E2D9-4EF9-AE8D-ED821E572655}"
EndProject
Global
	GlobalSection(SolutionConfigurationPlatforms) = preSolution
		Debug|Any CPU = Debug|Any CPU
		Release|Any CPU = Release|Any CPU
	EndGlobalSection
	GlobalSection(ProjectConfigurationPlatforms) = postSolution
		{26912DF2-E2D9-4EF9-AE8D-ED821E572655}.Debug|Any CPU.ActiveCfg = Debug|Any CPU
		{26912DF2-E2D9-4EF9-AE8D-ED821E572655}.Debug|Any CPU.Build.0 = Debug|Any CPU
		{26912DF2-E2D9-4EF9-AE8D-ED821E572655}.Release|Any CPU.ActiveCfg = Release|Any CPU
		{26912DF2-E2D9-4EF9-AE8D-ED821E572655}.Release|Any CPU.Build.0 = Release|Any CPU
	EndGlobalSection
	GlobalSection(SolutionProperties) = preSolution
		HideSolutionNode = FALSE
	EndGlobalSection
	GlobalSection(ExtensibilityGlobals) = postSolution
		SolutionGuid = {918401FA-8C4F-40C5-A3AC-096C7EB46652}
	EndGlobalSection
EndGlobal
